
Microsoft Visual Studio Solution File, Format Version 12.00
# Visual Studio Version 17
VisualStudioVersion = 17.13.35931.197
MinimumVisualStudioVersion = 10.0.40219.1
Project("{FAE04EC0-301F-11D3-BF4B-00C04F79EFBC}") = "Nexus_Photography_API", "Nexus_Photography_API\Nexus_Photography_API.csproj", "{88A5547C-0D4F-42A2-A6A0-9D7E39899677}"
EndProject
Global
	GlobalSection(SolutionConfigurationPlatforms) = preSolution
		Debug|Any CPU = Debug|Any CPU
		Release|Any CPU = Release|Any CPU
	EndGlobalSection
	GlobalSection(ProjectConfigurationPlatforms) = postSolution
		{88A5547C-0D4F-42A2-A6A0-9D7E39899677}.Debug|Any CPU.ActiveCfg = Debug|Any CPU
		{88A5547C-0D4F-42A2-A6A0-9D7E39899677}.Debug|Any CPU.Build.0 = Debug|Any CPU
		{88A5547C-0D4F-42A2-A6A0-9D7E39899677}.Release|Any CPU.ActiveCfg = Release|Any CPU
		{88A5547C-0D4F-42A2-A6A0-9D7E39899677}.Release|Any CPU.Build.0 = Release|Any CPU
	EndGlobalSection
	GlobalSection(SolutionProperties) = preSolution
		HideSolutionNode = FALSE
	EndGlobalSection
	GlobalSection(ExtensibilityGlobals) = postSolution
		SolutionGuid = {56D786B1-B421-4EC1-BFCD-7B0F8DD8F4F1}
	EndGlobalSection
EndGlobal
